
Microsoft Visual Studio Solution File, Format Version 12.00
# Visual Studio Version 17
VisualStudioVersion = 17.0.31903.59
MinimumVisualStudioVersion = 10.0.40219.1
Project("{2150E333-8FDC-42A3-9474-1A3956D46DE8}") = "src", "src", "{1FC8E68B-B62A-4390-8312-00F94D747321}"
EndProject
Project("{FAE04EC0-301F-11D3-BF4B-00C04F79EFBC}") = "ProbHammer.Core", "src\ProbHammer.Core\ProbHammer.Core.csproj", "{91674E07-8EB5-4CDA-9272-9485A044D304}"
EndProject
Project("{FAE04EC0-301F-11D3-BF4B-00C04F79EFBC}") = "ProbHammer.Web", "src\ProbHammer.Web\ProbHammer.Web.csproj", "{D61D312B-879C-4A1C-80EC-43FAB80C62D7}"
EndProject
Project("{2150E333-8FDC-42A3-9474-1A3956D46DE8}") = "tests", "tests", "{5249A117-428C-41CA-8EF5-6AB37964611F}"
EndProject
Project("{FAE04EC0-301F-11D3-BF4B-00C04F79EFBC}") = "ProbHammer.Tests", "tests\ProbHammer.Tests\ProbHammer.Tests.csproj", "{6A12B8E4-219B-4A15-A8B3-F3C29CF5378C}"
EndProject
Global
	GlobalSection(SolutionConfigurationPlatforms) = preSolution
		Debug|Any CPU = Debug|Any CPU
		Release|Any CPU = Release|Any CPU
	EndGlobalSection
	GlobalSection(SolutionProperties) = preSolution
		HideSolutionNode = FALSE
	EndGlobalSection
	GlobalSection(ProjectConfigurationPlatforms) = postSolution
		{91674E07-8EB5-4CDA-9272-9485A044D304}.Debug|Any CPU.ActiveCfg = Debug|Any CPU
		{91674E07-8EB5-4CDA-9272-9485A044D304}.Debug|Any CPU.Build.0 = Debug|Any CPU
		{91674E07-8EB5-4CDA-9272-9485A044D304}.Release|Any CPU.ActiveCfg = Release|Any CPU
		{91674E07-8EB5-4CDA-9272-9485A044D304}.Release|Any CPU.Build.0 = Release|Any CPU
		{D61D312B-879C-4A1C-80EC-43FAB80C62D7}.Debug|Any CPU.ActiveCfg = Debug|Any CPU
		{D61D312B-879C-4A1C-80EC-43FAB80C62D7}.Debug|Any CPU.Build.0 = Debug|Any CPU
		{D61D312B-879C-4A1C-80EC-43FAB80C62D7}.Release|Any CPU.ActiveCfg = Release|Any CPU
		{D61D312B-879C-4A1C-80EC-43FAB80C62D7}.Release|Any CPU.Build.0 = Release|Any CPU
		{6A12B8E4-219B-4A15-A8B3-F3C29CF5378C}.Debug|Any CPU.ActiveCfg = Debug|Any CPU
		{6A12B8E4-219B-4A15-A8B3-F3C29CF5378C}.Debug|Any CPU.Build.0 = Debug|Any CPU
		{6A12B8E4-219B-4A15-A8B3-F3C29CF5378C}.Release|Any CPU.ActiveCfg = Release|Any CPU
		{6A12B8E4-219B-4A15-A8B3-F3C29CF5378C}.Release|Any CPU.Build.0 = Release|Any CPU
	EndGlobalSection
	GlobalSection(NestedProjects) = preSolution
		{91674E07-8EB5-4CDA-9272-9485A044D304} = {1FC8E68B-B62A-4390-8312-00F94D747321}
		{D61D312B-879C-4A1C-80EC-43FAB80C62D7} = {1FC8E68B-B62A-4390-8312-00F94D747321}
		{6A12B8E4-219B-4A15-A8B3-F3C29CF5378C} = {5249A117-428C-41CA-8EF5-6AB37964611F}
	EndGlobalSection
EndGlobal
